
Microsoft Visual Studio Solution File, Format Version 12.00
# Visual Studio Version 17
VisualStudioVersion = 17.7.34202.233
MinimumVisualStudioVersion = 10.0.40219.1
Project("{FAE04EC0-301F-11D3-BF4B-00C04F79EFBC}") = "231216.2", "231216.2\231216.2.csproj", "{719BD26C-9777-4F33-B1C4-2F8801F6EABE}"
EndProject
Global
	GlobalSection(SolutionConfigurationPlatforms) = preSolution
		Debug|Any CPU = Debug|Any CPU
		Release|Any CPU = Release|Any CPU
	EndGlobalSection
	GlobalSection(ProjectConfigurationPlatforms) = postSolution
		{719BD26C-9777-4F33-B1C4-2F8801F6EABE}.Debug|Any CPU.ActiveCfg = Debug|Any CPU
		{719BD26C-9777-4F33-B1C4-2F8801F6EABE}.Debug|Any CPU.Build.0 = Debug|Any CPU
		{719BD26C-9777-4F33-B1C4-2F8801F6EABE}.Release|Any CPU.ActiveCfg = Release|Any CPU
		{719BD26C-9777-4F33-B1C4-2F8801F6EABE}.Release|Any CPU.Build.0 = Release|Any CPU
	EndGlobalSection
	GlobalSection(SolutionProperties) = preSolution
		HideSolutionNode = FALSE
	EndGlobalSection
	GlobalSection(ExtensibilityGlobals) = postSolution
		SolutionGuid = {E33D9B21-0A0D-4BC4-A8A9-4C32C8DF52D1}
	EndGlobalSection
EndGlobal
