
Microsoft Visual Studio Solution File, Format Version 12.00
# Visual Studio Version 17
VisualStudioVersion = 17.7.34202.233
MinimumVisualStudioVersion = 10.0.40219.1
Project("{FAE04EC0-301F-11D3-BF4B-00C04F79EFBC}") = "240113.2", "240113.2\240113.2.csproj", "{B696137A-D141-40EF-B6E8-F1A1C5FCBA41}"
EndProject
Global
	GlobalSection(SolutionConfigurationPlatforms) = preSolution
		Debug|Any CPU = Debug|Any CPU
		Release|Any CPU = Release|Any CPU
	EndGlobalSection
	GlobalSection(ProjectConfigurationPlatforms) = postSolution
		{B696137A-D141-40EF-B6E8-F1A1C5FCBA41}.Debug|Any CPU.ActiveCfg = Debug|Any CPU
		{B696137A-D141-40EF-B6E8-F1A1C5FCBA41}.Debug|Any CPU.Build.0 = Debug|Any CPU
		{B696137A-D141-40EF-B6E8-F1A1C5FCBA41}.Release|Any CPU.ActiveCfg = Release|Any CPU
		{B696137A-D141-40EF-B6E8-F1A1C5FCBA41}.Release|Any CPU.Build.0 = Release|Any CPU
	EndGlobalSection
	GlobalSection(SolutionProperties) = preSolution
		HideSolutionNode = FALSE
	EndGlobalSection
	GlobalSection(ExtensibilityGlobals) = postSolution
		SolutionGuid = {28FC25C5-7BB5-4969-B563-BAA5113CA129}
	EndGlobalSection
EndGlobal
