
Microsoft Visual Studio Solution File, Format Version 12.00
# Visual Studio Version 17
VisualStudioVersion = 17.7.34202.233
MinimumVisualStudioVersion = 10.0.40219.1
Project("{FAE04EC0-301F-11D3-BF4B-00C04F79EFBC}") = "240114", "240114.1\240114.csproj", "{AA01D104-360F-4506-97C5-8BAAA6942B88}"
EndProject
Global
	GlobalSection(SolutionConfigurationPlatforms) = preSolution
		Debug|Any CPU = Debug|Any CPU
		Release|Any CPU = Release|Any CPU
	EndGlobalSection
	GlobalSection(ProjectConfigurationPlatforms) = postSolution
		{AA01D104-360F-4506-97C5-8BAAA6942B88}.Debug|Any CPU.ActiveCfg = Debug|Any CPU
		{AA01D104-360F-4506-97C5-8BAAA6942B88}.Debug|Any CPU.Build.0 = Debug|Any CPU
		{AA01D104-360F-4506-97C5-8BAAA6942B88}.Release|Any CPU.ActiveCfg = Release|Any CPU
		{AA01D104-360F-4506-97C5-8BAAA6942B88}.Release|Any CPU.Build.0 = Release|Any CPU
	EndGlobalSection
	GlobalSection(SolutionProperties) = preSolution
		HideSolutionNode = FALSE
	EndGlobalSection
	GlobalSection(ExtensibilityGlobals) = postSolution
		SolutionGuid = {29EDDA82-24A8-4A86-A1AA-446E46D3A094}
	EndGlobalSection
EndGlobal
